
Microsoft Visual Studio Solution File, Format Version 11.00
# Visual Studio 2010
Project("{FAE04EC0-301F-11D3-BF4B-00C04F79EFBC}") = "Assembly-CSharp", "Assembly-CSharp.csproj", "{edcdbcf4-2a32-3226-2f3e-6ab9cd7a270c}"
EndProject
Global
	GlobalSection(SolutionConfigurationPlatforms) = preSolution
		Debug|Any CPU = Debug|Any CPU
		Release|Any CPU = Release|Any CPU
	EndGlobalSection
	GlobalSection(ProjectConfigurationPlatforms) = postSolution
		{edcdbcf4-2a32-3226-2f3e-6ab9cd7a270c}.Debug|Any CPU.ActiveCfg = Debug|Any CPU
		{edcdbcf4-2a32-3226-2f3e-6ab9cd7a270c}.Debug|Any CPU.Build.0 = Debug|Any CPU
		{edcdbcf4-2a32-3226-2f3e-6ab9cd7a270c}.Release|Any CPU.ActiveCfg = Release|Any CPU
		{edcdbcf4-2a32-3226-2f3e-6ab9cd7a270c}.Release|Any CPU.Build.0 = Release|Any CPU
	EndGlobalSection
	GlobalSection(SolutionProperties) = preSolution
		HideSolutionNode = FALSE
	EndGlobalSection
EndGlobal
